[known_patterns]
  1 SecondsToSpan
  2 NanosBetween
  3 MillisecondLadder
  4 WrapMapInList
  5 FirstOrSelf
  6 FlagsPresent
  7 NestUnder
  8 EmailsToRelatedUsers
  9 CollectFromList
 10 RecordLookup
 11 PositionInList
 12 SliceEachItem
 13 SuffixesByPrefix
 14 ContainsLadder
 15 TitleCase
 16 NamedMapEntry
 17 SplitFirstLabel
 18 MapEntryToBoolean
 19 HashesByLength
 20 UnreservedKeyPayload
 21 MergeMapUp
 22 MergeMapUp
 23 ParameterFanOut
 24 QuotedKvScan
 25 LocalMapLookup
 26 RangeLadder
 27 BandLadder
 28 ScoreSeverityBands
 29 CollectColumns
 30 ZipLists
 31 ProcessNameFromCommandLine
 32 EnsureAppend
 33 JoinPresentFields
 34 CoerceBoolean
 35 OctalString
 36 AllowedValueCopy
 37 DropEmpty
 38 DropEmpty
 39 DropEmpty
 40 SplitCommandLine
 41 Basename
 42 SuffixAfterSeparator
 43 SuffixAfterSeparator
 44 FileInfo
 45 HashLowercase
 46 PrefixTail
 47 PrependToArray
 48 ResourcesRenameDedup
 49 SecurityhubResource
 50 SecurityhubResources
 51 M365ProcessEvidence
 52 M365IdentityEvidence
 53 Route53Answers
 54 ReverseLookupAddress
 55 LongOperationSession
 56 ScriptBlockEntropy
 57 SplitOnPipe
 58 ZipAttachments
 59 MaxByContains
 60 ZipColumns
 61 TruthyAssignments
 62 RemoveMapValue
 63 RemoveListValue
 64 RemoveListValue
 65 GcpRelatedEntity
 66 MailRelated
 67 InspectorResources
 68 CheckpointPackets
 69 TrimListInPlace
 70 StartsWithAppend
 71 TlsVersionSplit
 72 CategoryTypeLadder
 73 KeysStripWhitespace
 74 SnakeKeyMapCopy
 75 StripAnglePairs
 76 NameValueFold
 77 SubstringBeforeLast
 78 PascalKeys
 79 BitFlagNames
 80 BitNameArray
 81 ConsoleLoginEventData
 82 NameValueFold
 83 OutcomeFromTags
 84 RenameCommonAuth
 85 CopyMemberName
 86 CopyComputerObject
 87 CopyUserToBase
 88 ObjectDn
 89 ShareFilePath
 90 ProcessCreated
 91 CopyTargetUser
 92 CopySubjectUser
 93 SplitPipeFields
 94 SplitTokenField
 95 SplitTokenField
 96 DecodeBase64
 97 TokenCount
 98 WrapValueInList
 99 LastElement
100 ClassifyMembers
101 FlattenedDuplicates
102 CollectEntities
103 DnsRdataAnswers
104 StructuredRdataAnswers
105 RelatedFromDnsAnswers
106 AnswersFromResolvedIp
107 CamelToSnake
108 SplitTrimCollect
109 SumDirections
110 SumOfFields
111 DurationToNanos
112 DedupeMapValues
113 SnakeCaseListElements
114 SumMemberOverList
115 FirstPresentKeyName
116 FloatSecondsToNanos
117 FlowDuration
118 ParallelDispatch
119 ConcatParts
120 ConcatMessage
121 SwapSubtrees
122 CollectingLadder
123 CaseInsensitiveLadder
124 EqualityLadder
125 SentinelRemovalLiteral
126 ListMemberFlag
127 RowLookupWithFallback
128 SchemelessUrl
129 VersionSplit
130 SyslogPriority
131 AppendUnique
132 SplitUnquotedKv
133 ArrayToIndexedObject
134 KeyValuePairs
135 DecayWindow
136 IocExpiry
137 DropLastChar
138 TagsAndMarking
139 CsvMapToArray
140 CsvColonPairs
141 DedupeUnwrap
142 KvIntoFields
143 KvIntoNamespace
144 CtxTableLookup
145 FirehoseDataset
146 NestedKeyNames
147 DatePlusDays
148 JoinOptional
149 ListRenameTable
150 AppendEach
151 FlattenMapInto
152 StringifyLongs
153 CopyByLabel
154 LiteralValueMap
155 EqualsLiteralFlag
156 KeysToSnakeCase
157 CommandLine
158 ProcessStartTime
159 EmailSplit
160 RiskBehaviors
161 AzureCategoryEventType
162 AzureEventCategory
163 ReplaceDotsInKeys
164 OktaTargetRename
165 KeysBySuffix
166 CollectMapValues
167 StringOps
168 GuardedReplace
169 RoundedScale
170 FieldsIntoMap
171 CrowdstrikeTimelineEntityIdentity
172 CrowdstrikeTimelineEntityAccounts
173 FirstElement
174 IndexedFieldCopies
175 MoveKeys
176 ClassifyLadder
177 PrivateCidrDirection
178 GeoPointFromCoordinates
179 BranchCopies
180 GuardedDivide
181 ScaleField
182 GuardedCopy
183 PlainAssignments

[params_pattern]
  1 AwsEntity
  2 SysmonQueryResults
  3 SysmonRegistry
  4 SentinelRemoval
  5 CsvFingerprintProvider
  6 DeferredFieldTable
  7 DeferredSplitTable
  8 DeferredAppendTable
  9 MessageCodeEventType
 10 SummedDirections
 11 DropEmptyMembers
 12 ScheduledTask
 13 InvocationDetails
 14 ParamRenameLadder
 15 SelectMembers
 16 PutFlagNames
 17 PutWrites
 18 KeyedRowMembers
 19 UppercaseLookupDefault
 20 TableLookupOrLiteral
 21 ThreatIndicatorType
 22 SecuritySddl
 23 MappingRow
 24 MsgParts
 25 EvidenceCategories
 26 MimecastLogType
 27 FiletimeFieldList
 28 BitFlags
 29 FirstContainedMember
 30 LookupOrKey
 31 KeyedRowAssign
 32 FirstLabelInTable
 33 RenameKeys
 34 ValueMaps
 35 InstructionRows
 36 RowColumnAppends
 37 RowColumns
 38 KeyedMessageTable
 39 MessageTable
 40 FirstAsset
 41 MatcherKv
 42 IndexedRowColumns
 43 LookupPut
 44 LookupWrapList
 45 MoveKeysIntoChild
 46 NormaliseMapValues
 47 RecordActionTable
 48 EventBlockTable
 49 ProtocolPrefix
 50 ReversibleLookup
 51 LookupMerge
 52 KeyedActionRow
 53 KeyedRowAppends
 54 LookupColumns
 55 LookupNormalise
 56 IndexedLookup
 57 Scale
 58 Replace
 59 AddUniqueRow
 60 FrameworkPreference
 61 NormalisedLookup
 62 StringifiedLookup
 63 LookupNormalise
 64 GuardedLookup
 65 MergeRowOrFallback
 66 RowOrDefaults

