[known_patterns]
  1 SecondsToSpan
  2 NanosBetween
  3 MillisecondLadder
  4 WrapMapInList
  5 FirstOrSelf
  6 FlagsPresent
  7 NestUnder
  8 EmailsToRelatedUsers
  9 CollectFromList
 10 RecordLookup
 11 PositionInList
 12 SliceEachItem
 13 SuffixesByPrefix
 14 ContainsLadder
 15 TitleCase
 16 NamedMapEntry
 17 SplitFirstLabel
 18 MapEntryToBoolean
 19 HashesByLength
 20 UnreservedKeyPayload
 21 MergeMapUp
 22 MergeMapUp
 23 ParameterFanOut
 24 QuotedKvScan
 25 LocalMapLookup
 26 RangeLadder
 27 BandLadder
 28 ScoreSeverityBands
 29 CollectColumns
 30 ZipLists
 31 ProcessNameFromCommandLine
 32 EnsureAppend
 33 JoinPresentFields
 34 MailtoUriFields
 35 SplitAtDelimiter
 36 EnsurePrefix
 37 RemoveEmptyChildMaps
 38 CoerceBoolean
 39 OctalString
 40 AllowedValueCopy
 41 DropEmpty
 42 DropEmpty
 43 DropEmpty
 44 SplitCommandLine
 45 Basename
 46 SuffixAfterSeparator
 47 SuffixAfterSeparator
 48 FileInfo
 49 HashLowercase
 50 PrefixTail
 51 PrependToArray
 52 ResourcesRenameDedup
 53 SecurityhubResource
 54 SecurityhubResources
 55 M365ProcessEvidence
 56 M365IdentityEvidence
 57 Route53Answers
 58 ReverseLookupAddress
 59 LongOperationSession
 60 ScriptBlockEntropy
 61 SplitOnPipe
 62 ZipAttachments
 63 MaxByContains
 64 ZipColumns
 65 TruthyAssignments
 66 RemoveMapValue
 67 RemoveListValue
 68 RemoveListValue
 69 GcpRelatedEntity
 70 MailRelated
 71 InspectorResources
 72 CheckpointPackets
 73 TrimListInPlace
 74 StartsWithAppend
 75 TlsVersionSplit
 76 CategoryTypeLadder
 77 KeysStripWhitespace
 78 SnakeKeyMapCopy
 79 StripAnglePairs
 80 NameValueFold
 81 SubstringBeforeLast
 82 PascalKeys
 83 BitFlagNames
 84 BitNameArray
 85 ConsoleLoginEventData
 86 NameValueFold
 87 OutcomeFromTags
 88 RenameCommonAuth
 89 CopyMemberName
 90 CopyComputerObject
 91 CopyUserToBase
 92 ObjectDn
 93 ShareFilePath
 94 ProcessCreated
 95 CopyTargetUser
 96 CopySubjectUser
 97 SplitPipeFields
 98 SplitTokenField
 99 SplitTokenField
100 DecodeBase64
101 TokenCount
102 WrapValueInList
103 LastElement
104 ClassifyMembers
105 FlattenedDuplicates
106 CollectEntities
107 DnsRdataAnswers
108 StructuredRdataAnswers
109 RelatedFromDnsAnswers
110 AnswersFromResolvedIp
111 CamelToSnake
112 SplitTrimCollect
113 SumDirections
114 SumOfFields
115 DurationToNanos
116 DedupeMapValues
117 SnakeCaseListElements
118 SumMemberOverList
119 FirstPresentKeyName
120 FloatSecondsToNanos
121 FlowDuration
122 ParallelDispatch
123 ConcatParts
124 ConcatMessage
125 SwapSubtrees
126 CollectingLadder
127 CaseInsensitiveLadder
128 EqualityLadder
129 SentinelRemovalLiteral
130 ListMemberFlag
131 RowLookupWithFallback
132 SchemelessUrl
133 VersionSplit
134 SyslogPriority
135 AppendUnique
136 SplitUnquotedKv
137 ArrayToIndexedObject
138 KeyValuePairs
139 DecayWindow
140 IocExpiry
141 DropLastChar
142 TagsAndMarking
143 CsvMapToArray
144 CsvColonPairs
145 DedupeUnwrap
146 KvIntoFields
147 KvIntoNamespace
148 CtxTableLookup
149 FirehoseDataset
150 NestedKeyNames
151 DatePlusDays
152 JoinOptional
153 ListRenameTable
154 AppendEach
155 FlattenMapInto
156 StringifyLongs
157 CopyByLabel
158 LiteralValueMap
159 EqualsLiteralFlag
160 KeysToSnakeCase
161 CommandLine
162 ProcessStartTime
163 EmailSplit
164 RiskBehaviors
165 AzureCategoryEventType
166 AzureEventCategory
167 ReplaceDotsInKeys
168 OktaTargetRename
169 KeysBySuffix
170 CollectMapValues
171 StringOps
172 GuardedReplace
173 RoundedScale
174 FieldsIntoMap
175 CrowdstrikeTimelineEntityIdentity
176 CrowdstrikeTimelineEntityAccounts
177 FirstElement
178 IndexedFieldCopies
179 MoveKeys
180 ClassifyLadder
181 PrivateCidrDirection
182 GeoPointFromCoordinates
183 BranchCopies
184 GuardedDivide
185 ScaleField
186 GuardedCopy
187 PlainAssignments

[params_pattern]
  1 AwsEntity
  2 SysmonQueryResults
  3 SysmonRegistry
  4 SentinelRemoval
  5 CsvFingerprintProvider
  6 DeferredFieldTable
  7 DeferredSplitTable
  8 DeferredAppendTable
  9 MessageCodeEventType
 10 SummedDirections
 11 DropEmptyMembers
 12 ScheduledTask
 13 InvocationDetails
 14 ParamRenameLadder
 15 SelectMembers
 16 PutFlagNames
 17 PutWrites
 18 KeyedRowMembers
 19 UppercaseLookupDefault
 20 TableLookupOrLiteral
 21 ThreatIndicatorType
 22 SecuritySddl
 23 MappingRow
 24 MsgParts
 25 EvidenceCategories
 26 MimecastLogType
 27 FiletimeFieldList
 28 BitFlags
 29 FirstContainedMember
 30 LookupOrKey
 31 KeyedRowAssign
 32 FirstLabelInTable
 33 RenameKeys
 34 ValueMaps
 35 InstructionRows
 36 RowColumnAppends
 37 RowColumns
 38 KeyedMessageTable
 39 MessageTable
 40 FirstAsset
 41 MatcherKv
 42 IndexedRowColumns
 43 LookupPut
 44 LookupWrapList
 45 MoveKeysIntoChild
 46 NormaliseMapValues
 47 RecordActionTable
 48 EventBlockTable
 49 ProtocolPrefix
 50 ReversibleLookup
 51 LookupMerge
 52 KeyedActionRow
 53 KeyedRowAppends
 54 LookupColumns
 55 LookupNormalise
 56 IndexedLookup
 57 Scale
 58 Replace
 59 AddUniqueRow
 60 FrameworkPreference
 61 NormalisedLookup
 62 StringifiedLookup
 63 LookupNormalise
 64 GuardedLookup
 65 MergeRowOrFallback
 66 RowOrDefaults

