[known_patterns]
  1 SecondsToSpan
  2 NanosBetween
  3 MillisecondLadder
  4 WrapMapInList
  5 FirstOrSelf
  6 FlagsPresent
  7 NestUnder
  8 EmailsToRelatedUsers
  9 CollectFromList
 10 RecordLookup
 11 PositionInList
 12 SliceEachItem
 13 SuffixesByPrefix
 14 ContainsLadder
 15 TitleCase
 16 NamedMapEntry
 17 SplitFirstLabel
 18 MapEntryToBoolean
 19 HashesByLength
 20 UnreservedKeyPayload
 21 MergeMapUp
 22 MergeMapUp
 23 ParameterFanOut
 24 QuotedKvScan
 25 LocalMapLookup
 26 RangeLadder
 27 BandLadder
 28 ScoreSeverityBands
 29 CollectColumns
 30 ZipLists
 31 ProcessNameFromCommandLine
 32 EnsureAppend
 33 JoinPresentFields
 34 UnwrapSuffixedKeys
 35 ParametersIntoMap
 36 RewriteKeys
 37 RenameMapKeys
 38 MoveMapEntry
 39 MailtoUriFields
 40 SplitAtDelimiter
 41 EnsurePrefix
 42 RemoveEmptyChildMaps
 43 CoerceBoolean
 44 OctalString
 45 AllowedValueCopy
 46 DropEmpty
 47 DropEmpty
 48 DropEmpty
 49 SplitCommandLine
 50 Basename
 51 SuffixAfterSeparator
 52 SuffixAfterSeparator
 53 FileInfo
 54 HashLowercase
 55 PrefixTail
 56 PrependToArray
 57 ResourcesRenameDedup
 58 SecurityhubResource
 59 SecurityhubResources
 60 M365ProcessEvidence
 61 M365IdentityEvidence
 62 Route53Answers
 63 ReverseLookupAddress
 64 LongOperationSession
 65 ScriptBlockEntropy
 66 SplitOnPipe
 67 ZipAttachments
 68 MaxByContains
 69 ZipColumns
 70 TruthyAssignments
 71 RemoveMapValue
 72 RemoveListValue
 73 RemoveListValue
 74 GcpRelatedEntity
 75 MailRelated
 76 InspectorResources
 77 CheckpointPackets
 78 TrimListInPlace
 79 StartsWithAppend
 80 TlsVersionSplit
 81 CategoryTypeLadder
 82 KeysStripWhitespace
 83 RewriteKeys
 84 SnakeKeyMapCopy
 85 StripAnglePairs
 86 NameValueFold
 87 SubstringBeforeLast
 88 PascalKeys
 89 BitFlagNames
 90 BitNameArray
 91 ConsoleLoginEventData
 92 NameValueFold
 93 OutcomeFromTags
 94 RenameCommonAuth
 95 CopyMemberName
 96 CopyComputerObject
 97 CopyUserToBase
 98 ObjectDn
 99 ShareFilePath
100 ProcessCreated
101 CopyTargetUser
102 CopySubjectUser
103 SplitPipeFields
104 SplitTokenField
105 SplitTokenField
106 DecodeBase64
107 TokenCount
108 WrapValueInList
109 LastElement
110 ClassifyMembers
111 FlattenedDuplicates
112 CollectEntities
113 DnsRdataAnswers
114 StructuredRdataAnswers
115 RelatedFromDnsAnswers
116 AnswersFromResolvedIp
117 CamelToSnake
118 SplitTrimCollect
119 SumDirections
120 SumOfFields
121 DurationToNanos
122 DedupeMapValues
123 SnakeCaseListElements
124 SumMemberOverList
125 FirstPresentKeyName
126 FloatSecondsToNanos
127 FlowDuration
128 ParallelDispatch
129 ConcatParts
130 ConcatMessage
131 SwapSubtrees
132 CollectingLadder
133 CaseInsensitiveLadder
134 EqualityLadder
135 SentinelRemovalLiteral
136 ListMemberFlag
137 RowLookupWithFallback
138 SchemelessUrl
139 VersionSplit
140 SyslogPriority
141 AppendUnique
142 SplitUnquotedKv
143 ArrayToIndexedObject
144 KeyValuePairs
145 DecayWindow
146 IocExpiry
147 DropLastChar
148 TagsAndMarking
149 CsvMapToArray
150 CsvColonPairs
151 DedupeUnwrap
152 KvIntoFields
153 KvIntoNamespace
154 CtxTableLookup
155 FirehoseDataset
156 NestedKeyNames
157 DatePlusDays
158 JoinOptional
159 ListRenameTable
160 AppendEach
161 FlattenMapInto
162 StringifyLongs
163 CopyByLabel
164 LiteralValueMap
165 EqualsLiteralFlag
166 KeysToSnakeCase
167 CommandLine
168 ProcessStartTime
169 EmailSplit
170 RiskBehaviors
171 AzureCategoryEventType
172 AzureEventCategory
173 ReplaceDotsInKeys
174 OktaTargetRename
175 KeysBySuffix
176 CollectMapValues
177 StringOps
178 GuardedReplace
179 RoundedScale
180 FieldsIntoMap
181 CrowdstrikeTimelineEntityIdentity
182 CrowdstrikeTimelineEntityAccounts
183 FirstElement
184 IndexedFieldCopies
185 MoveKeys
186 ClassifyLadder
187 PrivateCidrDirection
188 GeoPointFromCoordinates
189 BranchCopies
190 GuardedDivide
191 ScaleField
192 GuardedCopy
193 PlainAssignments
194 ScalarExpression

[params_pattern]
  1 AwsEntity
  2 SysmonQueryResults
  3 SysmonRegistry
  4 SentinelRemoval
  5 CsvFingerprintProvider
  6 DeferredFieldTable
  7 DeferredSplitTable
  8 DeferredAppendTable
  9 MessageCodeEventType
 10 SummedDirections
 11 DropEmptyMembers
 12 ScheduledTask
 13 InvocationDetails
 14 ParamRenameLadder
 15 SelectMembers
 16 PutFlagNames
 17 PutWrites
 18 KeyedRowMembers
 19 UppercaseLookupDefault
 20 TableLookupOrLiteral
 21 ThreatIndicatorType
 22 SecuritySddl
 23 MappingRow
 24 MsgParts
 25 EvidenceCategories
 26 MimecastLogType
 27 FiletimeFieldList
 28 BitFlags
 29 FirstContainedMember
 30 LookupOrKey
 31 KeyedRowAssign
 32 FirstLabelInTable
 33 RenameKeys
 34 ValueMaps
 35 InstructionRows
 36 RowColumnAppends
 37 RowColumns
 38 KeyedMessageTable
 39 MessageTable
 40 FirstAsset
 41 MatcherKv
 42 IndexedRowColumns
 43 LookupPut
 44 LookupWrapList
 45 MoveKeysIntoChild
 46 NormaliseMapValues
 47 RemapKeysThroughTable
 48 RecordActionTable
 49 EventBlockTable
 50 ProtocolPrefix
 51 ReversibleLookup
 52 LookupMerge
 53 KeyedActionRow
 54 KeyedRowAppends
 55 LookupColumns
 56 MemberLookup
 57 LookupNormalise
 58 IndexedLookup
 59 Scale
 60 Replace
 61 AddUniqueRow
 62 FrameworkPreference
 63 NormalisedLookup
 64 StringifiedLookup
 65 LookupNormalise
 66 GuardedLookup
 67 MergeRowOrFallback
 68 RowOrDefaults
 69 ScalarExpression

