[known_shapes]
  1 SecondsToSpan
  2 NanosBetween
  3 FlagsPresent
  4 SliceEachItem
  5 ContainsLadder
  6 NamedMapEntry
  7 RangeLadder
  8 CollectColumns
  9 ZipLists
 10 ProcessNameFromCommandLine
 11 DropEmpty
 12 DropEmpty
 13 SplitCommandLine
 14 Basename
 15 SuffixAfterSeparator
 16 FileInfo
 17 HashLowercase
 18 ResourcesRenameDedup
 19 SecurityhubResource
 20 SecurityhubResources
 21 M365ProcessEvidence
 22 M365IdentityEvidence
 23 Route53Answers
 24 ReverseLookupAddress
 25 LongOperationSession
 26 ScriptBlockEntropy
 27 SplitOnPipe
 28 ZipAttachments
 29 MaxByContains
 30 ZipColumns
 31 TruthyAssignments
 32 GcpRelatedEntity
 33 InspectorResources
 34 CheckpointPackets
 35 KeysStripWhitespace
 36 PascalKeys
 37 BitFlagNames
 38 ConsoleLoginEventData
 39 RenameCommonAuth
 40 CopyMemberName
 41 CopyComputerObject
 42 CopyUserToBase
 43 ObjectDn
 44 ShareFilePath
 45 ProcessCreated
 46 CopyTargetUser
 47 CopySubjectUser
 48 SplitPipeFields
 49 ClassifyMembers
 50 FlattenedDuplicates
 51 CollectEntities
 52 DnsRdataAnswers
 53 StructuredRdataAnswers
 54 RelatedFromDnsAnswers
 55 AnswersFromResolvedIp
 56 CamelToSnake
 57 SplitTrimCollect
 58 SumDirections
 59 SumOfFields
 60 DurationToNanos
 61 FlowDuration
 62 ParallelDispatch
 63 ConcatMessage
 64 SwapSubtrees
 65 CollectingLadder
 66 CaseInsensitiveLadder
 67 EqualityLadder
 68 SentinelRemovalLiteral
 69 RowLookupWithFallback
 70 SchemelessUrl
 71 VersionSplit
 72 SyslogPriority
 73 AppendUnique
 74 SplitUnquotedKv
 75 ArrayToIndexedObject
 76 KeyValuePairs
 77 JoinOptional
 78 AppendEach
 79 LiteralValueMap
 80 KeysToSnakeCase
 81 CommandLine
 82 ProcessStartTime
 83 EmailSplit
 84 RiskBehaviors
 85 AzureCategoryEventType
 86 AzureEventCategory
 87 ReplaceDotsInKeys
 88 OktaTargetRename
 89 CollectMapValues
 90 GuardedReplace
 91 ScaleField
 92 GuardedCopy

[params_shape]
  1 AwsEntity
  2 SysmonQueryResults
  3 SysmonRegistry
  4 SentinelRemoval
  5 ScheduledTask
  6 InvocationDetails
  7 KeyedRowMembers
  8 ThreatIndicatorType
  9 SecuritySddl
 10 MappingRow
 11 MsgParts
 12 EvidenceCategories
 13 MimecastLogType
 14 FiletimeFieldList
 15 BitFlags
 16 FirstContainedMember
 17 RenameKeys
 18 ValueMaps
 19 RowColumns
 20 KeyedMessageTable
 21 MessageTable
 22 FirstAsset
 23 MatcherKv
 24 LookupPut
 25 LookupWrapList
 26 ReversibleLookup
 27 LookupMerge
 28 LookupColumns
 29 LookupNormalise
 30 IndexedLookup
 31 Scale
 32 Replace
 33 AddUniqueRow
 34 FrameworkPreference
 35 LookupNormalise
 36 UppercaseLookupDefault
 37 NormalisedLookup
 38 PutFlagNames
 39 ProtocolPrefix

