[known_shapes]
  1 SecondsToSpan
  2 NanosBetween
  3 MillisecondLadder
  4 WrapMapInList
  5 FirstOrSelf
  6 FlagsPresent
  7 NestUnder
  8 CollectFromList
  9 RecordLookup
 10 PositionInList
 11 SliceEachItem
 12 SuffixesByPrefix
 13 ContainsLadder
 14 TitleCase
 15 NamedMapEntry
 16 SplitFirstLabel
 17 MapEntryToBoolean
 18 HashesByLength
 19 UnreservedKeyPayload
 20 MergeMapUp
 21 RangeLadder
 22 BandLadder
 23 ScoreSeverityBands
 24 CollectColumns
 25 ZipLists
 26 ProcessNameFromCommandLine
 27 DropEmpty
 28 DropEmpty
 29 DropEmpty
 30 SplitCommandLine
 31 Basename
 32 SuffixAfterSeparator
 33 FileInfo
 34 HashLowercase
 35 PrefixTail
 36 PrependToArray
 37 ResourcesRenameDedup
 38 SecurityhubResource
 39 SecurityhubResources
 40 M365ProcessEvidence
 41 M365IdentityEvidence
 42 Route53Answers
 43 ReverseLookupAddress
 44 LongOperationSession
 45 ScriptBlockEntropy
 46 SplitOnPipe
 47 ZipAttachments
 48 MaxByContains
 49 ZipColumns
 50 TruthyAssignments
 51 RemoveMapValue
 52 RemoveListValue
 53 RemoveListValue
 54 GcpRelatedEntity
 55 MailRelated
 56 InspectorResources
 57 CheckpointPackets
 58 TrimListInPlace
 59 StartsWithAppend
 60 TlsVersionSplit
 61 CategoryTypeLadder
 62 KeysStripWhitespace
 63 SnakeKeyMapCopy
 64 StripAnglePairs
 65 NameValueFold
 66 SubstringBeforeLast
 67 PascalKeys
 68 BitFlagNames
 69 BitNameArray
 70 ConsoleLoginEventData
 71 NameValueFold
 72 OutcomeFromTags
 73 RenameCommonAuth
 74 CopyMemberName
 75 CopyComputerObject
 76 CopyUserToBase
 77 ObjectDn
 78 ShareFilePath
 79 ProcessCreated
 80 CopyTargetUser
 81 CopySubjectUser
 82 SplitPipeFields
 83 SplitTokenField
 84 SplitTokenField
 85 DecodeBase64
 86 TokenCount
 87 WrapValueInList
 88 LastElement
 89 ClassifyMembers
 90 FlattenedDuplicates
 91 CollectEntities
 92 DnsRdataAnswers
 93 StructuredRdataAnswers
 94 RelatedFromDnsAnswers
 95 AnswersFromResolvedIp
 96 CamelToSnake
 97 SplitTrimCollect
 98 SumDirections
 99 SumOfFields
100 DurationToNanos
101 FlowDuration
102 ParallelDispatch
103 ConcatParts
104 ConcatMessage
105 SwapSubtrees
106 CollectingLadder
107 CaseInsensitiveLadder
108 EqualityLadder
109 SentinelRemovalLiteral
110 ListMemberFlag
111 RowLookupWithFallback
112 SchemelessUrl
113 VersionSplit
114 SyslogPriority
115 AppendUnique
116 SplitUnquotedKv
117 ArrayToIndexedObject
118 KeyValuePairs
119 DecayWindow
120 IocExpiry
121 DropLastChar
122 TagsAndMarking
123 CsvMapToArray
124 CsvColonPairs
125 DedupeUnwrap
126 KvIntoFields
127 KvIntoNamespace
128 CtxTableLookup
129 FirehoseDataset
130 NestedKeyNames
131 DatePlusDays
132 JoinOptional
133 ListRenameTable
134 AppendEach
135 FlattenMapInto
136 StringifyLongs
137 CopyByLabel
138 LiteralValueMap
139 EqualsLiteralFlag
140 KeysToSnakeCase
141 CommandLine
142 ProcessStartTime
143 EmailSplit
144 RiskBehaviors
145 AzureCategoryEventType
146 AzureEventCategory
147 ReplaceDotsInKeys
148 OktaTargetRename
149 KeysBySuffix
150 CollectMapValues
151 GuardedReplace
152 RoundedScale
153 FieldsIntoMap
154 CrowdstrikeTimelineEntityIdentity
155 CrowdstrikeTimelineEntityAccounts
156 FirstElement
157 IndexedFieldCopies
158 MoveKeys
159 ClassifyLadder
160 PrivateCidrDirection
161 BranchCopies
162 GuardedDivide
163 ScaleField
164 GuardedCopy
165 PlainAssignments

[params_shape]
  1 AwsEntity
  2 SysmonQueryResults
  3 SysmonRegistry
  4 SentinelRemoval
  5 CsvFingerprintProvider
  6 DeferredFieldTable
  7 DeferredSplitTable
  8 DeferredAppendTable
  9 MessageCodeEventType
 10 SummedDirections
 11 DropEmptyMembers
 12 ScheduledTask
 13 InvocationDetails
 14 ParamRenameLadder
 15 SelectMembers
 16 PutFlagNames
 17 PutWrites
 18 KeyedRowMembers
 19 UppercaseLookupDefault
 20 ThreatIndicatorType
 21 SecuritySddl
 22 MappingRow
 23 MsgParts
 24 EvidenceCategories
 25 MimecastLogType
 26 FiletimeFieldList
 27 BitFlags
 28 FirstContainedMember
 29 LookupOrKey
 30 KeyedRowAssign
 31 FirstLabelInTable
 32 RenameKeys
 33 ValueMaps
 34 InstructionRows
 35 RowColumnAppends
 36 RowColumns
 37 KeyedMessageTable
 38 MessageTable
 39 FirstAsset
 40 MatcherKv
 41 IndexedRowColumns
 42 LookupPut
 43 LookupWrapList
 44 ProtocolPrefix
 45 ReversibleLookup
 46 LookupMerge
 47 KeyedActionRow
 48 KeyedRowAppends
 49 LookupColumns
 50 LookupNormalise
 51 IndexedLookup
 52 Scale
 53 Replace
 54 AddUniqueRow
 55 FrameworkPreference

