[known_shapes]
  1 SecondsToSpan
  2 NanosBetween
  3 FlagsPresent
  4 SliceEachItem
  5 ContainsLadder
  6 TitleCase
  7 NamedMapEntry
  8 RangeLadder
  9 CollectColumns
 10 ZipLists
 11 ProcessNameFromCommandLine
 12 DropEmpty
 13 DropEmpty
 14 SplitCommandLine
 15 Basename
 16 SuffixAfterSeparator
 17 FileInfo
 18 HashLowercase
 19 ResourcesRenameDedup
 20 SecurityhubResource
 21 SecurityhubResources
 22 M365ProcessEvidence
 23 M365IdentityEvidence
 24 Route53Answers
 25 ReverseLookupAddress
 26 LongOperationSession
 27 ScriptBlockEntropy
 28 SplitOnPipe
 29 ZipAttachments
 30 MaxByContains
 31 ZipColumns
 32 TruthyAssignments
 33 GcpRelatedEntity
 34 InspectorResources
 35 CheckpointPackets
 36 KeysStripWhitespace
 37 PascalKeys
 38 BitFlagNames
 39 ConsoleLoginEventData
 40 RenameCommonAuth
 41 CopyMemberName
 42 CopyComputerObject
 43 CopyUserToBase
 44 ObjectDn
 45 ShareFilePath
 46 ProcessCreated
 47 CopyTargetUser
 48 CopySubjectUser
 49 SplitPipeFields
 50 ClassifyMembers
 51 FlattenedDuplicates
 52 CollectEntities
 53 DnsRdataAnswers
 54 StructuredRdataAnswers
 55 RelatedFromDnsAnswers
 56 AnswersFromResolvedIp
 57 CamelToSnake
 58 SplitTrimCollect
 59 SumDirections
 60 SumOfFields
 61 DurationToNanos
 62 FlowDuration
 63 ParallelDispatch
 64 ConcatMessage
 65 SwapSubtrees
 66 CollectingLadder
 67 CaseInsensitiveLadder
 68 EqualityLadder
 69 SentinelRemovalLiteral
 70 RowLookupWithFallback
 71 SchemelessUrl
 72 VersionSplit
 73 SyslogPriority
 74 AppendUnique
 75 SplitUnquotedKv
 76 ArrayToIndexedObject
 77 KeyValuePairs
 78 JoinOptional
 79 ListRenameTable
 80 AppendEach
 81 LiteralValueMap
 82 KeysToSnakeCase
 83 CommandLine
 84 ProcessStartTime
 85 EmailSplit
 86 RiskBehaviors
 87 AzureCategoryEventType
 88 AzureEventCategory
 89 ReplaceDotsInKeys
 90 OktaTargetRename
 91 CollectMapValues
 92 GuardedReplace
 93 RoundedScale
 94 ScaleField
 95 GuardedCopy

[params_shape]
  1 AwsEntity
  2 SysmonQueryResults
  3 SysmonRegistry
  4 SentinelRemoval
  5 ScheduledTask
  6 InvocationDetails
  7 KeyedRowMembers
  8 ThreatIndicatorType
  9 SecuritySddl
 10 MappingRow
 11 MsgParts
 12 EvidenceCategories
 13 MimecastLogType
 14 FiletimeFieldList
 15 BitFlags
 16 FirstContainedMember
 17 RenameKeys
 18 ValueMaps
 19 RowColumns
 20 KeyedMessageTable
 21 MessageTable
 22 FirstAsset
 23 MatcherKv
 24 LookupPut
 25 LookupWrapList
 26 ReversibleLookup
 27 LookupMerge
 28 LookupColumns
 29 LookupNormalise
 30 IndexedLookup
 31 Scale
 32 Replace
 33 AddUniqueRow
 34 FrameworkPreference
 35 LookupNormalise
 36 UppercaseLookupDefault
 37 NormalisedLookup
 38 PutFlagNames
 39 ProtocolPrefix
 40 KeyedActionRow

