[known_patterns]
  1 SecondsToSpan
  2 NanosBetween
  3 MillisecondLadder
  4 WrapMapInList
  5 FirstOrSelf
  6 FlagsPresent
  7 NestUnder
  8 WrapEntries
  9 KeyNamedByField
 10 EmailsToRelatedUsers
 11 SplitFanOut
 12 GatherMembers
 13 CollectFromList
 14 RecordLookup
 15 PositionInList
 16 SliceEachItem
 17 SuffixesByPrefix
 18 ContainsLadder
 19 TitleCase
 20 NamedMapEntry
 21 SplitFirstLabel
 22 MapEntryToBoolean
 23 HashesByLength
 24 UnreservedKeyPayload
 25 MergeMapUp
 26 MergeMapUp
 27 ParameterFanOut
 28 QuotedKvScan
 29 LocalMapLookup
 30 RangeLadder
 31 BandLadder
 32 ScoreSeverityBands
 33 CollectColumns
 34 ZipLists
 35 ProcessNameFromCommandLine
 36 EnsureAppend
 37 JoinPresentFields
 38 UnwrapSuffixedKeys
 39 ParametersIntoMap
 40 DurationWindow
 41 ListItemRenames
 42 MemberFromVariantKey
 43 RewriteKeys
 44 RewriteKeys
 45 RewriteKeys
 46 RewriteKeys
 47 RenameMapKeys
 48 MoveMapEntry
 49 MailtoUriFields
 50 SplitAtDelimiter
 51 EnsurePrefix
 52 RemoveEmptyChildMaps
 53 CoerceBoolean
 54 OctalString
 55 PermissionOctal
 56 AllowedValueCopy
 57 DropEmpty
 58 DropEmpty
 59 DropEmpty
 60 SplitCommandLine
 61 Basename
 62 SuffixAfterSeparator
 63 SuffixAfterSeparator
 64 FileInfo
 65 HashLowercase
 66 PrefixTail
 67 PrependToArray
 68 ResourcesRenameDedup
 69 SecurityhubResource
 70 SecurityhubResources
 71 M365ProcessEvidence
 72 M365IdentityEvidence
 73 Route53Answers
 74 ReverseLookupAddress
 75 LongOperationSession
 76 ScriptBlockEntropy
 77 SplitOnPipe
 78 ZipAttachments
 79 MaxByContains
 80 ZipColumns
 81 TruthyAssignments
 82 RemoveMapValue
 83 RemoveListValue
 84 RemoveListValue
 85 GcpRelatedEntity
 86 MailRelated
 87 InspectorResources
 88 CheckpointPackets
 89 TrimListInPlace
 90 StartsWithAppend
 91 TlsVersionSplit
 92 CategoryTypeLadder
 93 KeysStripWhitespace
 94 RewriteKeys
 95 SnakeKeyMapCopy
 96 StripAnglePairs
 97 NameValueFold
 98 SubstringBeforeLast
 99 PascalKeys
100 BitFlagNames
101 BitNameArray
102 ConsoleLoginEventData
103 NameValueFold
104 OutcomeFromTags
105 RenameCommonAuth
106 CopyMemberName
107 CopyComputerObject
108 CopyUserToBase
109 ObjectDn
110 ShareFilePath
111 ProcessCreated
112 CopyTargetUser
113 CopySubjectUser
114 SplitPipeFields
115 SplitTokenField
116 SplitTokenField
117 DecodeBase64
118 TokenCount
119 WrapValueInList
120 LastElement
121 ClassifyMembers
122 FlattenedDuplicates
123 CollectEntities
124 DnsRdataAnswers
125 StructuredRdataAnswers
126 RelatedFromDnsAnswers
127 AnswersFromResolvedIp
128 CamelToSnake
129 SplitTrimCollect
130 SumDirections
131 CombineFields
132 DurationToNanos
133 DedupeMapValues
134 SnakeCaseListElements
135 SumMemberOverList
136 FirstPresentKeyName
137 FloatSecondsToNanos
138 FlowDuration
139 ParallelDispatch
140 ConcatParts
141 ConcatMessage
142 SwapSubtrees
143 CollectingLadder
144 CaseInsensitiveLadder
145 EqualityLadder
146 SentinelRemovalLiteral
147 ListMemberSelect
148 RowLookupWithFallback
149 SchemelessUrl
150 VersionSplit
151 SyslogPriority
152 AppendUnique
153 SplitIntoColumns
154 SplitUnquotedKv
155 ArrayToIndexedObject
156 KeyValuePairs
157 DecayWindow
158 IocExpiry
159 DropLastChar
160 TagsAndMarking
161 CsvMapToArray
162 CsvColonPairs
163 DedupeUnwrap
164 KvIntoFields
165 KvIntoNamespace
166 CtxTableLookup
167 FirehoseDataset
168 NestedKeyNames
169 DatePlusDays
170 JoinOptional
171 ListRenameTable
172 SplitIntoRecords
173 PrependSplit
174 AppendEach
175 FlattenMapInto
176 StringifyLongs
177 CopyByLabel
178 LiteralValueMap
179 EqualsLiteralFlag
180 KeysToSnakeCase
181 CommandLine
182 ProcessStartTime
183 EmailSplit
184 RiskBehaviors
185 AzureCategoryEventType
186 AzureEventCategory
187 ReplaceDotsInKeys
188 OktaTargetRename
189 KeysBySuffix
190 CollectMapValues
191 StringOps
192 StringOps
193 MapEntriesInto
194 GuardedReplace
195 RoundedScale
196 FieldsIntoMap
197 CrowdstrikeTimelineEntityIdentity
198 CrowdstrikeTimelineEntityAccounts
199 CollectPresent
200 FirstElement
201 IndexedFieldCopies
202 MoveKeys
203 ClassifyLadder
204 PrivateCidrDirection
205 WktGeometry
206 GeoPointFromCoordinates
207 BranchCopies
208 StripSurroundingPair
209 HashByWidthOrPrefix
210 LongCoercion
211 GuardedDivide
212 ScaleField
213 RecordRenames
214 DecodedFields
215 PairTable
216 RecordFromFields
217 SecondsBetween
218 HoistMember
219 ListRebuild
220 ScanTaggedList
221 GuardedCopy
222 ConcatAssignment
223 PlainAssignments
224 SumTotals
225 ScalarExpression
226 TrimThenSplit
227 ItemWrites
228 NthSeparatorPrefix
229 FirstMatchInList
230 SubstringRejoin
231 ListFold
232 LongDivide
233 DropLeadingChars
234 EpochToMillis
235 EpochNanosToDateTime
236 EpochRungs
237 TrimListSuffix
238 EscapeDecode

[params_pattern]
  1 RowMembers
  2 AwsEntity
  3 SysmonQueryResults
  4 SysmonRegistry
  5 SentinelRemoval
  6 CsvFingerprintProvider
  7 DeferredFieldTable
  8 DeferredSplitTable
  9 DeferredAppendTable
 10 MessageCodeEventType
 11 SummedDirections
 12 DropEmptyMembers
 13 ScheduledTask
 14 InvocationDetails
 15 ParamRenameLadder
 16 SelectMembers
 17 PutFlagNames
 18 PutWrites
 19 KeyedRowMembers
 20 UppercaseLookupDefault
 21 TableLookupOrLiteral
 22 ThreatIndicatorType
 23 SecuritySddl
 24 MappingRow
 25 MsgParts
 26 EvidenceCategories
 27 MimecastLogType
 28 FiletimeFieldList
 29 BitFlags
 30 FirstContainedMember
 31 LookupOrKey
 32 KeyedRowAssign
 33 FirstLabelInTable
 34 RenameKeys
 35 ValueMaps
 36 InstructionRows
 37 RowColumnAppends
 38 RowColumns
 39 KeyedMessageTable
 40 MessageTable
 41 FirstAsset
 42 MatcherKv
 43 IndexedRowColumns
 44 LookupPut
 45 LookupWrapList
 46 MoveKeysIntoChild
 47 NormaliseMapValues
 48 RemapKeysThroughTable
 49 RecordActionTable
 50 EventBlockTable
 51 ProtocolPrefix
 52 ContainsFlags
 53 ReversibleLookup
 54 LookupMerge
 55 KeyedActionRow
 56 KeyedRowAppends
 57 LookupColumns
 58 MemberLookup
 59 LookupNormalise
 60 StringifiedLookup
 61 StringifiedLookupOrLiteral
 62 IndexedLookup
 63 Scale
 64 Replace
 65 AddUniqueRow
 66 FrameworkPreference
 67 NormalisedLookup
 68 StringifiedLookup
 69 LookupNormalise
 70 GuardedLookup
 71 MergeRowOrFallback
 72 GuardedParamsRow
 73 IssueLifecycle
 74 ArmedTable
 75 RowOrDefaults
 76 HexFields
 77 KeyedByLookup
 78 ScalarExpression
 79 SelectRenameKeys
 80 FieldTables
 81 FieldTables
 82 MemberMappings
 83 ConfiguredDateFormat

