[known_patterns]
  1 SecondsToSpan
  2 NanosBetween
  3 MillisecondLadder
  4 WrapMapInList
  5 FirstOrSelf
  6 FlagsPresent
  7 NestUnder
  8 EmailsToRelatedUsers
  9 SplitFanOut
 10 GatherMembers
 11 CollectFromList
 12 RecordLookup
 13 PositionInList
 14 SliceEachItem
 15 SuffixesByPrefix
 16 ContainsLadder
 17 TitleCase
 18 NamedMapEntry
 19 SplitFirstLabel
 20 MapEntryToBoolean
 21 HashesByLength
 22 UnreservedKeyPayload
 23 MergeMapUp
 24 MergeMapUp
 25 ParameterFanOut
 26 QuotedKvScan
 27 LocalMapLookup
 28 RangeLadder
 29 BandLadder
 30 ScoreSeverityBands
 31 CollectColumns
 32 ZipLists
 33 ProcessNameFromCommandLine
 34 EnsureAppend
 35 JoinPresentFields
 36 UnwrapSuffixedKeys
 37 ParametersIntoMap
 38 DurationWindow
 39 ListItemRenames
 40 MemberFromVariantKey
 41 RewriteKeys
 42 RewriteKeys
 43 RewriteKeys
 44 RenameMapKeys
 45 MoveMapEntry
 46 MailtoUriFields
 47 SplitAtDelimiter
 48 EnsurePrefix
 49 RemoveEmptyChildMaps
 50 CoerceBoolean
 51 OctalString
 52 PermissionOctal
 53 AllowedValueCopy
 54 DropEmpty
 55 DropEmpty
 56 DropEmpty
 57 SplitCommandLine
 58 Basename
 59 SuffixAfterSeparator
 60 SuffixAfterSeparator
 61 FileInfo
 62 HashLowercase
 63 PrefixTail
 64 PrependToArray
 65 ResourcesRenameDedup
 66 SecurityhubResource
 67 SecurityhubResources
 68 M365ProcessEvidence
 69 M365IdentityEvidence
 70 Route53Answers
 71 ReverseLookupAddress
 72 LongOperationSession
 73 ScriptBlockEntropy
 74 SplitOnPipe
 75 ZipAttachments
 76 MaxByContains
 77 ZipColumns
 78 TruthyAssignments
 79 RemoveMapValue
 80 RemoveListValue
 81 RemoveListValue
 82 GcpRelatedEntity
 83 MailRelated
 84 InspectorResources
 85 CheckpointPackets
 86 TrimListInPlace
 87 StartsWithAppend
 88 TlsVersionSplit
 89 CategoryTypeLadder
 90 KeysStripWhitespace
 91 RewriteKeys
 92 SnakeKeyMapCopy
 93 StripAnglePairs
 94 NameValueFold
 95 SubstringBeforeLast
 96 PascalKeys
 97 BitFlagNames
 98 BitNameArray
 99 ConsoleLoginEventData
100 NameValueFold
101 OutcomeFromTags
102 RenameCommonAuth
103 CopyMemberName
104 CopyComputerObject
105 CopyUserToBase
106 ObjectDn
107 ShareFilePath
108 ProcessCreated
109 CopyTargetUser
110 CopySubjectUser
111 SplitPipeFields
112 SplitTokenField
113 SplitTokenField
114 DecodeBase64
115 TokenCount
116 WrapValueInList
117 LastElement
118 ClassifyMembers
119 FlattenedDuplicates
120 CollectEntities
121 DnsRdataAnswers
122 StructuredRdataAnswers
123 RelatedFromDnsAnswers
124 AnswersFromResolvedIp
125 CamelToSnake
126 SplitTrimCollect
127 SumDirections
128 CombineFields
129 DurationToNanos
130 DedupeMapValues
131 SnakeCaseListElements
132 SumMemberOverList
133 FirstPresentKeyName
134 FloatSecondsToNanos
135 FlowDuration
136 ParallelDispatch
137 ConcatParts
138 ConcatMessage
139 SwapSubtrees
140 CollectingLadder
141 CaseInsensitiveLadder
142 EqualityLadder
143 SentinelRemovalLiteral
144 ListMemberSelect
145 RowLookupWithFallback
146 SchemelessUrl
147 VersionSplit
148 SyslogPriority
149 AppendUnique
150 SplitUnquotedKv
151 ArrayToIndexedObject
152 KeyValuePairs
153 DecayWindow
154 IocExpiry
155 DropLastChar
156 TagsAndMarking
157 CsvMapToArray
158 CsvColonPairs
159 DedupeUnwrap
160 KvIntoFields
161 KvIntoNamespace
162 CtxTableLookup
163 FirehoseDataset
164 NestedKeyNames
165 DatePlusDays
166 JoinOptional
167 ListRenameTable
168 SplitIntoRecords
169 PrependSplit
170 AppendEach
171 FlattenMapInto
172 StringifyLongs
173 CopyByLabel
174 LiteralValueMap
175 EqualsLiteralFlag
176 KeysToSnakeCase
177 CommandLine
178 ProcessStartTime
179 EmailSplit
180 RiskBehaviors
181 AzureCategoryEventType
182 AzureEventCategory
183 ReplaceDotsInKeys
184 OktaTargetRename
185 KeysBySuffix
186 CollectMapValues
187 StringOps
188 StringOps
189 GuardedReplace
190 RoundedScale
191 FieldsIntoMap
192 CrowdstrikeTimelineEntityIdentity
193 CrowdstrikeTimelineEntityAccounts
194 FirstElement
195 IndexedFieldCopies
196 MoveKeys
197 ClassifyLadder
198 PrivateCidrDirection
199 WktGeometry
200 GeoPointFromCoordinates
201 BranchCopies
202 StripSurroundingPair
203 HashByWidthOrPrefix
204 LongCoercion
205 GuardedDivide
206 ScaleField
207 RecordRenames
208 DecodedFields
209 PairTable
210 RecordFromFields
211 SecondsBetween
212 HoistMember
213 ListRebuild
214 ScanTaggedList
215 GuardedCopy
216 ConcatAssignment
217 PlainAssignments
218 SumTotals
219 ScalarExpression
220 TrimThenSplit
221 ItemWrites
222 NthSeparatorPrefix
223 FirstMatchInList
224 SubstringRejoin
225 ListFold
226 LongDivide
227 DropLeadingChars
228 EpochToMillis
229 EpochNanosToDateTime

[params_pattern]
  1 RowMembers
  2 AwsEntity
  3 SysmonQueryResults
  4 SysmonRegistry
  5 SentinelRemoval
  6 CsvFingerprintProvider
  7 DeferredFieldTable
  8 DeferredSplitTable
  9 DeferredAppendTable
 10 MessageCodeEventType
 11 SummedDirections
 12 DropEmptyMembers
 13 ScheduledTask
 14 InvocationDetails
 15 ParamRenameLadder
 16 SelectMembers
 17 PutFlagNames
 18 PutWrites
 19 KeyedRowMembers
 20 UppercaseLookupDefault
 21 TableLookupOrLiteral
 22 ThreatIndicatorType
 23 SecuritySddl
 24 MappingRow
 25 MsgParts
 26 EvidenceCategories
 27 MimecastLogType
 28 FiletimeFieldList
 29 BitFlags
 30 FirstContainedMember
 31 LookupOrKey
 32 KeyedRowAssign
 33 FirstLabelInTable
 34 RenameKeys
 35 ValueMaps
 36 InstructionRows
 37 RowColumnAppends
 38 RowColumns
 39 KeyedMessageTable
 40 MessageTable
 41 FirstAsset
 42 MatcherKv
 43 IndexedRowColumns
 44 LookupPut
 45 LookupWrapList
 46 MoveKeysIntoChild
 47 NormaliseMapValues
 48 RemapKeysThroughTable
 49 RecordActionTable
 50 EventBlockTable
 51 ProtocolPrefix
 52 ReversibleLookup
 53 LookupMerge
 54 KeyedActionRow
 55 KeyedRowAppends
 56 LookupColumns
 57 MemberLookup
 58 LookupNormalise
 59 StringifiedLookup
 60 IndexedLookup
 61 Scale
 62 Replace
 63 AddUniqueRow
 64 FrameworkPreference
 65 NormalisedLookup
 66 StringifiedLookup
 67 LookupNormalise
 68 GuardedLookup
 69 MergeRowOrFallback
 70 GuardedParamsRow
 71 IssueLifecycle
 72 ArmedTable
 73 RowOrDefaults
 74 HexFields
 75 KeyedByLookup
 76 ScalarExpression
 77 SelectRenameKeys
 78 FieldTables
 79 MemberMappings
 80 ConfiguredDateFormat

