[known_patterns]
  1 DumpIntoMap
  2 SecondsToSpan
  3 NanosBetween
  4 MillisecondLadder
  5 WrapMapInList
  6 FirstOrSelf
  7 FlagsPresent
  8 NestUnder
  9 WrapEntries
 10 KeyNamedByField
 11 ByteSizeFields
 12 EmailsToRelatedUsers
 13 SplitFanOut
 14 GatherMembers
 15 ThreatArtifacts
 16 GuardedRecords
 17 CollectFromList
 18 CollectByLiteral
 19 RecordLookup
 20 PositionInList
 21 SliceEachItem
 22 SuffixesByPrefix
 23 ContainsLadder
 24 EqualityLadder
 25 TitleCase
 26 NamedMapEntry
 27 SplitFirstLabel
 28 MapEntryToBoolean
 29 HashesByLength
 30 UnreservedKeyPayload
 31 DeepMerge
 32 MergeMapUp
 33 MergeMapUp
 34 ParameterFanOut
 35 QuotedKvScan
 36 LocalMapLookup
 37 LevelLabels
 38 RangeLadder
 39 BandLadder
 40 ScoreSeverityBands
 41 CollectColumns
 42 ZipLists
 43 ProcessNameFromCommandLine
 44 EnsureAppend
 45 JoinPresentFields
 46 UnwrapSuffixedKeys
 47 ParametersIntoMap
 48 DurationWindow
 49 ListItemRenames
 50 MemberFromVariantKey
 51 RewriteKeys
 52 RewriteKeys
 53 RewriteKeys
 54 RewriteKeys
 55 RenameMapKeys
 56 MoveMapEntry
 57 MailtoUriFields
 58 SplitAtDelimiter
 59 EnsurePrefix
 60 RemoveEmptyChildMaps
 61 CoerceBoolean
 62 OctalString
 63 PermissionOctal
 64 EqualityLadder
 65 AllowedValueCopy
 66 DropEmpty
 67 DropEmpty
 68 DropEmpty
 69 SplitCommandLine
 70 Basename
 71 SuffixAfterSeparator
 72 SuffixAfterSeparator
 73 FileInfo
 74 HashLowercase
 75 PrefixTail
 76 PrependToArray
 77 ResourcesRenameDedup
 78 SecurityhubResource
 79 SecurityhubResources
 80 M365ProcessEvidence
 81 M365IdentityEvidence
 82 Route53Answers
 83 ReverseLookupAddress
 84 LongOperationSession
 85 ScriptBlockEntropy
 86 SplitOnPipe
 87 ZipAttachments
 88 MaxByContains
 89 ZipColumns
 90 TruthyAssignments
 91 RemoveMapValue
 92 RemoveListValue
 93 RemoveListValue
 94 GcpRelatedEntity
 95 MailRelated
 96 InspectorResources
 97 CheckpointPackets
 98 TrimListInPlace
 99 StartsWithAppend
100 TlsVersionSplit
101 CategoryTypeLadder
102 KeysStripWhitespace
103 RewriteKeys
104 SnakeKeyMapCopy
105 StripAnglePairs
106 NameValueFold
107 SubstringBeforeLast
108 PascalKeys
109 BitFlagNames
110 BitNameArray
111 ConsoleLoginEventData
112 NameValueFold
113 OutcomeFromTags
114 RenameCommonAuth
115 CopyMemberName
116 CopyComputerObject
117 CopyUserToBase
118 ObjectDn
119 ShareFilePath
120 ProcessCreated
121 CopyTargetUser
122 CopySubjectUser
123 SplitPipeFields
124 SplitTokenField
125 SplitTokenField
126 DecodeBase64
127 TokenCount
128 WrapValueInList
129 LastElement
130 ClassifyMembers
131 FlattenedDuplicates
132 CollectEntities
133 DnsRdataAnswers
134 StructuredRdataAnswers
135 RelatedFromDnsAnswers
136 AnswersFromResolvedIp
137 CamelToSnake
138 SplitTrimCollect
139 SumDirections
140 CombineFields
141 DurationToNanos
142 DedupeMapValues
143 SnakeCaseListElements
144 SumMemberOverList
145 FirstPresentKeyName
146 FloatSecondsToNanos
147 FlowDuration
148 ParallelDispatch
149 ConcatParts
150 ConcatMessage
151 SwapSubtrees
152 RecordFold
153 IndicatorExpiry
154 CollectingLadder
155 CaseInsensitiveLadder
156 EqualityLadder
157 SentinelRemovalLiteral
158 ListMemberSelect
159 RowLookupWithFallback
160 SchemelessUrl
161 VersionSplit
162 SyslogPriority
163 AppendUnique
164 SplitIntoColumns
165 SplitUnquotedKv
166 ElementMapping
167 ArrayToIndexedObject
168 KeyValuePairs
169 DecayWindow
170 IocExpiry
171 DropLastChar
172 TagsAndMarking
173 CsvMapToArray
174 CsvColonPairs
175 DedupeUnwrap
176 KvIntoFields
177 KvIntoNamespace
178 CtxTableLookup
179 FirehoseDataset
180 NestedKeyNames
181 DatePlusDays
182 JoinOptional
183 ListRenameTable
184 DelimitedTable
185 SplitIntoRecords
186 PrependSplit
187 CategoryFromAction
188 ListOfMapsMerge
189 AppendEach
190 FlattenMapInto
191 StringifyLongs
192 CopyByLabel
193 LiteralValueMap
194 EqualsLiteralFlag
195 KeysToSnakeCase
196 CommandLine
197 ProcessStartTime
198 EmailSplit
199 RiskBehaviors
200 AzureCategoryEventType
201 AzureEventCategory
202 ReplaceDotsInKeys
203 OktaTargetRename
204 KeysBySuffix
205 AppendRecords
206 CollectMapValues
207 StringOps
208 StringOps
209 MapEntriesInto
210 GroupRecords
211 RenameMapKeys
212 CoerceBoolean
213 GuardedReplace
214 RoundedScale
215 FieldsIntoMap
216 CrowdstrikeTimelineEntityIdentity
217 CrowdstrikeTimelineEntityAccounts
218 CollectPresent
219 LastElementMember
220 FirstElement
221 IndexedFieldCopies
222 MoveKeys
223 ClassifyLadder
224 PrivateCidrDirection
225 WktGeometry
226 GeoPointFromCoordinates
227 BranchCopies
228 StripSurroundingPair
229 HashByWidthOrPrefix
230 LongLadder
231 LongCoercion
232 GuardedDivide
233 ScaleField
234 RecordRenames
235 DecodedFields
236 PairTable
237 RecordFromFields
238 SecondsBetween
239 HoistMember
240 ListRebuild
241 ScanTaggedList
242 GuardedCopy
243 ConcatAssignment
244 PlainAssignments
245 SumTotals
246 ScalarExpression
247 TrimThenSplit
248 ItemWrites
249 NthSeparatorPrefix
250 FirstMatchInList
251 SubstringRejoin
252 ListFold
253 LongDivide
254 DropLeadingChars
255 EpochToMillis
256 EpochNanosToDateTime
257 EpochRungs
258 TrimListSuffix
259 EscapeDecode
260 VocabularyBranchCopies
261 CompareToChoice
262 DurationFromUnitTokens
263 SplitElement
264 ActorKind
265 TimeOrderFlag
266 StringifyMember
267 MemberTags
268 TypedMemberRename

[params_pattern]
  1 RowMembers
  2 AwsEntity
  3 SysmonQueryResults
  4 SysmonRegistry
  5 SentinelRemoval
  6 CsvFingerprintProvider
  7 DeferredFieldTable
  8 DeferredSplitTable
  9 DeferredAppendTable
 10 MessageCodeEventType
 11 SummedDirections
 12 DropEmptyMembers
 13 ScheduledTask
 14 InvocationDetails
 15 ParamRenameLadder
 16 SelectMembers
 17 PutFlagNames
 18 PutWrites
 19 KeyedRowMembers
 20 UppercaseLookupDefault
 21 TableLookupOrLiteral
 22 ThreatIndicatorType
 23 SecuritySddl
 24 MappingRow
 25 MsgParts
 26 EvidenceCategories
 27 MimecastLogType
 28 FiletimeFieldList
 29 BitFlags
 30 FirstContainedMember
 31 LookupOrKey
 32 KeyedRowAssign
 33 FirstLabelInTable
 34 RenameKeys
 35 ValueMaps
 36 InstructionRows
 37 RowColumnAppends
 38 RowColumns
 39 KeyedMessageTable
 40 MessageTable
 41 FirstAsset
 42 MatcherKv
 43 IndexedRowColumns
 44 LookupPut
 45 LookupWrapList
 46 MoveKeysIntoChild
 47 NormaliseMapValues
 48 RemapKeysThroughTable
 49 RecordActionTable
 50 EventBlockTable
 51 ProtocolPrefix
 52 ContainsFlags
 53 ReversibleLookup
 54 LookupMerge
 55 KeyedActionRow
 56 KeyedRowAppends
 57 UrlTailAction
 58 LookupColumns
 59 MemberLookup
 60 RenameMemberByLookup
 61 LookupNormalise
 62 StringifiedLookup
 63 StringifiedLookupOrLiteral
 64 CollectParamsRows
 65 TrimDelimited
 66 IndexedLookup
 67 Scale
 68 Replace
 69 AddUniqueRow
 70 FrameworkPreference
 71 NormalisedLookup
 72 StringifiedLookup
 73 LookupNormalise
 74 GuardedLookup
 75 MergeRowOrFallback
 76 GuardedParamsRow
 77 IssueLifecycle
 78 ArmedTable
 79 RowOrDefaults
 80 HexFields
 81 StringifyNamedFields
 82 KeyedByLookup
 83 ScalarExpression
 84 SelectRenameKeys
 85 FieldTables
 86 FieldTables
 87 MemberMappings
 88 ConfiguredDateFormat
 89 SplitNamedByPosition
 90 ActionMapping
 91 RowNamedTarget
 92 LabelledScore

